// !$*UTF8*$!
{
	archiveVersion = 1;
	classes = {
	};
	objectVersion = 50;
	objects = {

/* Begin PBXBuildFile section */
		8128BE6226A39A2A001AF28D /* NavigationViewController.swift in Sources */ = {isa = PBXBuildFile; fileRef = 8128BE6126A39A2A001AF28D /* NavigationViewController.swift */; };
		8128BE6426A7945F001AF28D /* NEWwineData.json in Resources */ = {isa = PBXBuildFile; fileRef = 8128BE6326A7945F001AF28D /* NEWwineData.json */; };
		815A835426783FCC003AD42E /* WineReview.swift in Sources */ = {isa = PBXBuildFile; fileRef = 815A835326783FCC003AD42E /* WineReview.swift */; };
		815A835626784156003AD42E /* DataLoader.swift in Sources */ = {isa = PBXBuildFile; fileRef = 815A835526784156003AD42E /* DataLoader.swift */; };
		815ADEDE267032FD00ED284E /* FirstWineTableViewController.swift in Sources */ = {isa = PBXBuildFile; fileRef = 815ADEDC267032FD00ED284E /* FirstWineTableViewController.swift */; };
		8165C67326ACDDA700A625CE /* SearchTableViewController.swift in Sources */ = {isa = PBXBuildFile; fileRef = 8165C67226ACDDA700A625CE /* SearchTableViewController.swift */; };
		816AF3DD266C38D300F61BD3 /* CollectionViewController.swift in Sources */ = {isa = PBXBuildFile; fileRef = 816AF3DC266C38D300F61BD3 /* CollectionViewController.swift */; };
		816AF3DF266C3ADC00F61BD3 /* CollectionViewCell.swift in Sources */ = {isa = PBXBuildFile; fileRef = 816AF3DE266C3ADC00F61BD3 /* CollectionViewCell.swift */; };
		81CCCAEB266AF4AF0069CF97 /* AppDelegate.swift in Sources */ = {isa = PBXBuildFile; fileRef = 81CCCAEA266AF4AF0069CF97 /* AppDelegate.swift */; };
		81CCCAED266AF4AF0069CF97 /* SceneDelegate.swift in Sources */ = {isa = PBXBuildFile; fileRef = 81CCCAEC266AF4AF0069CF97 /* SceneDelegate.swift */; };
		81CCCAF2266AF4AF0069CF97 /* Main.storyboard in Resources */ = {isa = PBXBuildFile; fileRef = 81CCCAF0266AF4AF0069CF97 /* Main.storyboard */; };
		81CCCAF4266AF4B40069CF97 /* Assets.xcassets in Resources */ = {isa = PBXBuildFile; fileRef = 81CCCAF3266AF4B40069CF97 /* Assets.xcassets */; };
		81CCCAF7266AF4B40069CF97 /* LaunchScreen.storyboard in Resources */ = {isa = PBXBuildFile; fileRef = 81CCCAF5266AF4B40069CF97 /* LaunchScreen.storyboard */; };
		81CCCB02266AF4B40069CF97 /* WineFinderActualTests.swift in Sources */ = {isa = PBXBuildFile; fileRef = 81CCCB01266AF4B40069CF97 /* WineFinderActualTests.swift */; };
		81CCCB0D266AF4B40069CF97 /* WineFinderActualUITests.swift in Sources */ = {isa = PBXBuildFile; fileRef = 81CCCB0C266AF4B40069CF97 /* WineFinderActualUITests.swift */; };
/* End PBXBuildFile section */

/* Begin PBXContainerItemProxy section */
		81CCCAFE266AF4B40069CF97 /* PBXContainerItemProxy */ = {
			isa = PBXContainerItemProxy;
			containerPortal = 81CCCADF266AF4AF0069CF97 /* Project object */;
			proxyType = 1;
			remoteGlobalIDString = 81CCCAE6266AF4AF0069CF97;
			remoteInfo = WineFinderActual;
		};
		81CCCB09266AF4B40069CF97 /* PBXContainerItemProxy */ = {
			isa = PBXContainerItemProxy;
			containerPortal = 81CCCADF266AF4AF0069CF97 /* Project object */;
			proxyType = 1;
			remoteGlobalIDString = 81CCCAE6266AF4AF0069CF97;
			remoteInfo = WineFinderActual;
		};
/* End PBXContainerItemProxy section */

/* Begin PBXFileReference section */
		8128BE6126A39A2A001AF28D /* NavigationViewController.swift */ = {isa = PBXFileReference; lastKnownFileType = sourcecode.swift; path = NavigationViewController.swift; sourceTree = "<group>"; };
		8128BE6326A7945F001AF28D /* NEWwineData.json */ = {isa = PBXFileReference; fileEncoding = 4; lastKnownFileType = text.json; name = NEWwineData.json; path = ../../../Downloads/NEWwineData.json; sourceTree = "<group>"; };
		815A835326783FCC003AD42E /* WineReview.swift */ = {isa = PBXFileReference; lastKnownFileType = sourcecode.swift; path = WineReview.swift; sourceTree = "<group>"; };
		815A835526784156003AD42E /* DataLoader.swift */ = {isa = PBXFileReference; lastKnownFileType = sourcecode.swift; path = DataLoader.swift; sourceTree = "<group>"; };
		815ADEDC267032FD00ED284E /* FirstWineTableViewController.swift */ = {isa = PBXFileReference; lastKnownFileType = sourcecode.swift; path = FirstWineTableViewController.swift; sourceTree = "<group>"; };
		8165C67226ACDDA700A625CE /* SearchTableViewController.swift */ = {isa = PBXFileReference; lastKnownFileType = sourcecode.swift; path = SearchTableViewController.swift; sourceTree = "<group>"; };
		816AF3DC266C38D300F61BD3 /* CollectionViewController.swift */ = {isa = PBXFileReference; lastKnownFileType = sourcecode.swift; path = CollectionViewController.swift; sourceTree = "<group>"; };
		816AF3DE266C3ADC00F61BD3 /* CollectionViewCell.swift */ = {isa = PBXFileReference; lastKnownFileType = sourcecode.swift; path = CollectionViewCell.swift; sourceTree = "<group>"; };
		81CCCAE7266AF4AF0069CF97 /* WineFinderActual.app */ = {isa = PBXFileReference; explicitFileType = wrapper.application; includeInIndex = 0; path = WineFinderActual.app; sourceTree = BUILT_PRODUCTS_DIR; };
		81CCCAEA266AF4AF0069CF97 /* AppDelegate.swift */ = {isa = PBXFileReference; lastKnownFileType = sourcecode.swift; path = AppDelegate.swift; sourceTree = "<group>"; };
		81CCCAEC266AF4AF0069CF97 /* SceneDelegate.swift */ = {isa = PBXFileReference; lastKnownFileType = sourcecode.swift; path = SceneDelegate.swift; sourceTree = "<group>"; };
		81CCCAF1266AF4AF0069CF97 /* Base */ = {isa = PBXFileReference; lastKnownFileType = file.storyboard; name = Base; path = Base.lproj/Main.storyboard; sourceTree = "<group>"; };
		81CCCAF3266AF4B40069CF97 /* Assets.xcassets */ = {isa = PBXFileReference; lastKnownFileType = folder.assetcatalog; path = Assets.xcassets; sourceTree = "<group>"; };
		81CCCAF6266AF4B40069CF97 /* Base */ = {isa = PBXFileReference; lastKnownFileType = file.storyboard; name = Base; path = Base.lproj/LaunchScreen.storyboard; sourceTree = "<group>"; };
		81CCCAF8266AF4B40069CF97 /* Info.plist */ = {isa = PBXFileReference; lastKnownFileType = text.plist.xml; path = Info.plist; sourceTree = "<group>"; };
		81CCCAFD266AF4B40069CF97 /* WineFinderActualTests.xctest */ = {isa = PBXFileReference; explicitFileType = wrapper.cfbundle; includeInIndex = 0; path = WineFinderActualTests.xctest; sourceTree = BUILT_PRODUCTS_DIR; };
		81CCCB01266AF4B40069CF97 /* WineFinderActualTests.swift */ = {isa = PBXFileReference; lastKnownFileType = sourcecode.swift; path = WineFinderActualTests.swift; sourceTree = "<group>"; };
		81CCCB03266AF4B40069CF97 /* Info.plist */ = {isa = PBXFileReference; lastKnownFileType = text.plist.xml; path = Info.plist; sourceTree = "<group>"; };
		81CCCB08266AF4B40069CF97 /* WineFinderActualUITests.xctest */ = {isa = PBXFileReference; explicitFileType = wrapper.cfbundle; includeInIndex = 0; path = WineFinderActualUITests.xctest; sourceTree = BUILT_PRODUCTS_DIR; };
		81CCCB0C266AF4B40069CF97 /* WineFinderActualUITests.swift */ = {isa = PBXFileReference; lastKnownFileType = sourcecode.swift; path = WineFinderActualUITests.swift; sourceTree = "<group>"; };
		81CCCB0E266AF4B40069CF97 /* Info.plist */ = {isa = PBXFileReference; lastKnownFileType = text.plist.xml; path = Info.plist; sourceTree = "<group>"; };
/* End PBXFileReference section */

/* Begin PBXFrameworksBuildPhase section */
		81CCCAE4266AF4AF0069CF97 /* Frameworks */ = {
			isa = PBXFrameworksBuildPhase;
			buildActionMask = 2147483647;
			files = (
			);
			runOnlyForDeploymentPostprocessing = 0;
		};
		81CCCAFA266AF4B40069CF97 /* Frameworks */ = {
			isa = PBXFrameworksBuildPhase;
			buildActionMask = 2147483647;
			files = (
			);
			runOnlyForDeploymentPostprocessing = 0;
		};
		81CCCB05266AF4B40069CF97 /* Frameworks */ = {
			isa = PBXFrameworksBuildPhase;
			buildActionMask = 2147483647;
			files = (
			);
			runOnlyForDeploymentPostprocessing = 0;
		};
/* End PBXFrameworksBuildPhase section */

/* Begin PBXGroup section */
		81CCCADE266AF4AF0069CF97 = {
			isa = PBXGroup;
			children = (
				81CCCAE9266AF4AF0069CF97 /* WineFinderActual */,
				81CCCB00266AF4B40069CF97 /* WineFinderActualTests */,
				81CCCB0B266AF4B40069CF97 /* WineFinderActualUITests */,
				81CCCAE8266AF4AF0069CF97 /* Products */,
			);
			sourceTree = "<group>";
		};
		81CCCAE8266AF4AF0069CF97 /* Products */ = {
			isa = PBXGroup;
			children = (
				81CCCAE7266AF4AF0069CF97 /* WineFinderActual.app */,
				81CCCAFD266AF4B40069CF97 /* WineFinderActualTests.xctest */,
				81CCCB08266AF4B40069CF97 /* WineFinderActualUITests.xctest */,
			);
			name = Products;
			sourceTree = "<group>";
		};
		81CCCAE9266AF4AF0069CF97 /* WineFinderActual */ = {
			isa = PBXGroup;
			children = (
				8128BE6326A7945F001AF28D /* NEWwineData.json */,
				81CCCAEA266AF4AF0069CF97 /* AppDelegate.swift */,
				81CCCAEC266AF4AF0069CF97 /* SceneDelegate.swift */,
				81CCCAF0266AF4AF0069CF97 /* Main.storyboard */,
				81CCCAF3266AF4B40069CF97 /* Assets.xcassets */,
				81CCCAF5266AF4B40069CF97 /* LaunchScreen.storyboard */,
				81CCCAF8266AF4B40069CF97 /* Info.plist */,
				816AF3DC266C38D300F61BD3 /* CollectionViewController.swift */,
				816AF3DE266C3ADC00F61BD3 /* CollectionViewCell.swift */,
				815ADEDC267032FD00ED284E /* FirstWineTableViewController.swift */,
				815A835326783FCC003AD42E /* WineReview.swift */,
				815A835526784156003AD42E /* DataLoader.swift */,
				8128BE6126A39A2A001AF28D /* NavigationViewController.swift */,
				8165C67226ACDDA700A625CE /* SearchTableViewController.swift */,
			);
			path = WineFinderActual;
			sourceTree = "<group>";
		};
		81CCCB00266AF4B40069CF97 /* WineFinderActualTests */ = {
			isa = PBXGroup;
			children = (
				81CCCB01266AF4B40069CF97 /* WineFinderActualTests.swift */,
				81CCCB03266AF4B40069CF97 /* Info.plist */,
			);
			path = WineFinderActualTests;
			sourceTree = "<group>";
		};
		81CCCB0B266AF4B40069CF97 /* WineFinderActualUITests */ = {
			isa = PBXGroup;
			children = (
				81CCCB0C266AF4B40069CF97 /* WineFinderActualUITests.swift */,
				81CCCB0E266AF4B40069CF97 /* Info.plist */,
			);
			path = WineFinderActualUITests;
			sourceTree = "<group>";
		};
/* End PBXGroup section */

/* Begin PBXNativeTarget section */
		81CCCAE6266AF4AF0069CF97 /* WineFinderActual */ = {
			isa = PBXNativeTarget;
			buildConfigurationList = 81CCCB11266AF4B40069CF97 /* Build configuration list for PBXNativeTarget "WineFinderActual" */;
			buildPhases = (
				81CCCAE3266AF4AF0069CF97 /* Sources */,
				81CCCAE4266AF4AF0069CF97 /* Frameworks */,
				81CCCAE5266AF4AF0069CF97 /* Resources */,
			);
			buildRules = (
			);
			dependencies = (
			);
			name = WineFinderActual;
			productName = WineFinderActual;
			productReference = 81CCCAE7266AF4AF0069CF97 /* WineFinderActual.app */;
			productType = "com.apple.product-type.application";
		};
		81CCCAFC266AF4B40069CF97 /* WineFinderActualTests */ = {
			isa = PBXNativeTarget;
			buildConfigurationList = 81CCCB14266AF4B40069CF97 /* Build configuration list for PBXNativeTarget "WineFinderActualTests" */;
			buildPhases = (
				81CCCAF9266AF4B40069CF97 /* Sources */,
				81CCCAFA266AF4B40069CF97 /* Frameworks */,
				81CCCAFB266AF4B40069CF97 /* Resources */,
			);
			buildRules = (
			);
			dependencies = (
				81CCCAFF266AF4B40069CF97 /* PBXTargetDependency */,
			);
			name = WineFinderActualTests;
			productName = WineFinderActualTests;
			productReference = 81CCCAFD266AF4B40069CF97 /* WineFinderActualTests.xctest */;
			productType = "com.apple.product-type.bundle.unit-test";
		};
		81CCCB07266AF4B40069CF97 /* WineFinderActualUITests */ = {
			isa = PBXNativeTarget;
			buildConfigurationList = 81CCCB17266AF4B40069CF97 /* Build configuration list for PBXNativeTarget "WineFinderActualUITests" */;
			buildPhases = (
				81CCCB04266AF4B40069CF97 /* Sources */,
				81CCCB05266AF4B40069CF97 /* Frameworks */,
				81CCCB06266AF4B40069CF97 /* Resources */,
			);
			buildRules = (
			);
			dependencies = (
				81CCCB0A266AF4B40069CF97 /* PBXTargetDependency */,
			);
			name = WineFinderActualUITests;
			productName = WineFinderActualUITests;
			productReference = 81CCCB08266AF4B40069CF97 /* WineFinderActualUITests.xctest */;
			productType = "com.apple.product-type.bundle.ui-testing";
		};
/* End PBXNativeTarget section */

/* Begin PBXProject section */
		81CCCADF266AF4AF0069CF97 /* Project object */ = {
			isa = PBXProject;
			attributes = {
				LastSwiftUpdateCheck = 1150;
				LastUpgradeCheck = 1150;
				ORGANIZATIONNAME = Luca;
				TargetAttributes = {
					81CCCAE6266AF4AF0069CF97 = {
						CreatedOnToolsVersion = 11.5;
					};
					81CCCAFC266AF4B40069CF97 = {
						CreatedOnToolsVersion = 11.5;
						TestTargetID = 81CCCAE6266AF4AF0069CF97;
					};
					81CCCB07266AF4B40069CF97 = {
						CreatedOnToolsVersion = 11.5;
						TestTargetID = 81CCCAE6266AF4AF0069CF97;
					};
				};
			};
			buildConfigurationList = 81CCCAE2266AF4AF0069CF97 /* Build configuration list for PBXProject "WineFinderActual" */;
			compatibilityVersion = "Xcode 9.3";
			developmentRegion = en;
			hasScannedForEncodings = 0;
			knownRegions = (
				en,
				Base,
			);
			mainGroup = 81CCCADE266AF4AF0069CF97;
			productRefGroup = 81CCCAE8266AF4AF0069CF97 /* Products */;
			projectDirPath = "";
			projectRoot = "";
			targets = (
				81CCCAE6266AF4AF0069CF97 /* WineFinderActual */,
				81CCCAFC266AF4B40069CF97 /* WineFinderActualTests */,
				81CCCB07266AF4B40069CF97 /* WineFinderActualUITests */,
			);
		};
/* End PBXProject section */

/* Begin PBXResourcesBuildPhase section */
		81CCCAE5266AF4AF0069CF97 /* Resources */ = {
			isa = PBXResourcesBuildPhase;
			buildActionMask = 2147483647;
			files = (
				81CCCAF7266AF4B40069CF97 /* LaunchScreen.storyboard in Resources */,
				81CCCAF4266AF4B40069CF97 /* Assets.xcassets in Resources */,
				81CCCAF2266AF4AF0069CF97 /* Main.storyboard in Resources */,
				8128BE6426A7945F001AF28D /* NEWwineData.json in Resources */,
			);
			runOnlyForDeploymentPostprocessing = 0;
		};
		81CCCAFB266AF4B40069CF97 /* Resources */ = {
			isa = PBXResourcesBuildPhase;
			buildActionMask = 2147483647;
			files = (
			);
			runOnlyForDeploymentPostprocessing = 0;
		};
		81CCCB06266AF4B40069CF97 /* Resources */ = {
			isa = PBXResourcesBuildPhase;
			buildActionMask = 2147483647;
			files = (
			);
			runOnlyForDeploymentPostprocessing = 0;
		};
/* End PBXResourcesBuildPhase section */

/* Begin PBXSourcesBuildPhase section */
		81CCCAE3266AF4AF0069CF97 /* Sources */ = {
			isa = PBXSourcesBuildPhase;
			buildActionMask = 2147483647;
			files = (
				8128BE6226A39A2A001AF28D /* NavigationViewController.swift in Sources */,
				8165C67326ACDDA700A625CE /* SearchTableViewController.swift in Sources */,
				816AF3DD266C38D300F61BD3 /* CollectionViewController.swift in Sources */,
				81CCCAEB266AF4AF0069CF97 /* AppDelegate.swift in Sources */,
				815A835426783FCC003AD42E /* WineReview.swift in Sources */,
				816AF3DF266C3ADC00F61BD3 /* CollectionViewCell.swift in Sources */,
				815A835626784156003AD42E /* DataLoader.swift in Sources */,
				81CCCAED266AF4AF0069CF97 /* SceneDelegate.swift in Sources */,
				815ADEDE267032FD00ED284E /* FirstWineTableViewController.swift in Sources */,
			);
			runOnlyForDeploymentPostprocessing = 0;
		};
		81CCCAF9266AF4B40069CF97 /* Sources */ = {
			isa = PBXSourcesBuildPhase;
			buildActionMask = 2147483647;
			files = (
				81CCCB02266AF4B40069CF97 /* WineFinderActualTests.swift in Sources */,
			);
			runOnlyForDeploymentPostprocessing = 0;
		};
		81CCCB04266AF4B40069CF97 /* Sources */ = {
			isa = PBXSourcesBuildPhase;
			buildActionMask = 2147483647;
			files = (
				81CCCB0D266AF4B40069CF97 /* WineFinderActualUITests.swift in Sources */,
			);
			runOnlyForDeploymentPostprocessing = 0;
		};
/* End PBXSourcesBuildPhase section */

/* Begin PBXTargetDependency section */
		81CCCAFF266AF4B40069CF97 /* PBXTargetDependency */ = {
			isa = PBXTargetDependency;
			target = 81CCCAE6266AF4AF0069CF97 /* WineFinderActual */;
			targetProxy = 81CCCAFE266AF4B40069CF97 /* PBXContainerItemProxy */;
		};
		81CCCB0A266AF4B40069CF97 /* PBXTargetDependency */ = {
			isa = PBXTargetDependency;
			target = 81CCCAE6266AF4AF0069CF97 /* WineFinderActual */;
			targetProxy = 81CCCB09266AF4B40069CF97 /* PBXContainerItemProxy */;
		};
/* End PBXTargetDependency section */

/* Begin PBXVariantGroup section */
		81CCCAF0266AF4AF0069CF97 /* Main.storyboard */ = {
			isa = PBXVariantGroup;
			children = (
				81CCCAF1266AF4AF0069CF97 /* Base */,
			);
			name = Main.storyboard;
			sourceTree = "<group>";
		};
		81CCCAF5266AF4B40069CF97 /* LaunchScreen.storyboard */ = {
			isa = PBXVariantGroup;
			children = (
				81CCCAF6266AF4B40069CF97 /* Base */,
			);
			name = LaunchScreen.storyboard;
			sourceTree = "<group>";
		};
/* End PBXVariantGroup section */

/* Begin XCBuildConfiguration section */
		81CCCB0F266AF4B40069CF97 /* Debug */ = {
			isa = XCBuildConfiguration;
			buildSettings = {
				ALWAYS_SEARCH_USER_PATHS = NO;
				CLANG_ANALYZER_NONNULL = YES;
				CLANG_ANALYZER_NUMBER_OBJECT_CONVERSION = YES_AGGRESSIVE;
				CLANG_CXX_LANGUAGE_STANDARD = "gnu++14";
				CLANG_CXX_LIBRARY = "libc++";
				CLANG_ENABLE_MODULES = YES;
				CLANG_ENABLE_OBJC_ARC = YES;
				CLANG_ENABLE_OBJC_WEAK = YES;
				CLANG_WARN_BLOCK_CAPTURE_AUTORELEASING = YES;
				CLANG_WARN_BOOL_CONVERSION = YES;
				CLANG_WARN_COMMA = YES;
				CLANG_WARN_CONSTANT_CONVERSION = YES;
				CLANG_WARN_DEPRECATED_OBJC_IMPLEMENTATIONS = YES;
				CLANG_WARN_DIRECT_OBJC_ISA_USAGE = YES_ERROR;
				CLANG_WARN_DOCUMENTATION_COMMENTS = YES;
				CLANG_WARN_EMPTY_BODY = YES;
				CLANG_WARN_ENUM_CONVERSION = YES;
				CLANG_WARN_INFINITE_RECURSION = YES;
				CLANG_WARN_INT_CONVERSION = YES;
				CLANG_WARN_NON_LITERAL_NULL_CONVERSION = YES;
				CLANG_WARN_OBJC_IMPLICIT_RETAIN_SELF = YES;
				CLANG_WARN_OBJC_LITERAL_CONVERSION = YES;
				CLANG_WARN_OBJC_ROOT_CLASS = YES_ERROR;
				CLANG_WARN_RANGE_LOOP_ANALYSIS = YES;
				CLANG_WARN_STRICT_PROTOTYPES = YES;
				CLANG_WARN_SUSPICIOUS_MOVE = YES;
				CLANG_WARN_UNGUARDED_AVAILABILITY = YES_AGGRESSIVE;
				CLANG_WARN_UNREACHABLE_CODE = YES;
				CLANG_WARN__DUPLICATE_METHOD_MATCH = YES;
				COPY_PHASE_STRIP = NO;
				DEBUG_INFORMATION_FORMAT = dwarf;
				ENABLE_STRICT_OBJC_MSGSEND = YES;
				ENABLE_TESTABILITY = YES;
				GCC_C_LANGUAGE_STANDARD = gnu11;
				GCC_DYNAMIC_NO_PIC = NO;
				GCC_NO_COMMON_BLOCKS = YES;
				GCC_OPTIMIZATION_LEVEL = 0;
				GCC_PREPROCESSOR_DEFINITIONS = (
					"DEBUG=1",
					"$(inherited)",
				);
				GCC_WARN_64_TO_32_BIT_CONVERSION = YES;
				GCC_WARN_ABOUT_RETURN_TYPE = YES_ERROR;
				GCC_WARN_UNDECLARED_SELECTOR = YES;
				GCC_WARN_UNINITIALIZED_AUTOS = YES_AGGRESSIVE;
				GCC_WARN_UNUSED_FUNCTION = YES;
				GCC_WARN_UNUSED_VARIABLE = YES;
				IPHONEOS_DEPLOYMENT_TARGET = 13.5;
				MTL_ENABLE_DEBUG_INFO = INCLUDE_SOURCE;
				MTL_FAST_MATH = YES;
				ONLY_ACTIVE_ARCH = YES;
				SDKROOT = iphoneos;
				SWIFT_ACTIVE_COMPILATION_CONDITIONS = DEBUG;
				SWIFT_OPTIMIZATION_LEVEL = "-Onone";
			};
			name = Debug;
		};
		81CCCB10266AF4B40069CF97 /* Release */ = {
			isa = XCBuildConfiguration;
			buildSettings = {
				ALWAYS_SEARCH_USER_PATHS = NO;
				CLANG_ANALYZER_NONNULL = YES;
				CLANG_ANALYZER_NUMBER_OBJECT_CONVERSION = YES_AGGRESSIVE;
				CLANG_CXX_LANGUAGE_STANDARD = "gnu++14";
				CLANG_CXX_LIBRARY = "libc++";
				CLANG_ENABLE_MODULES = YES;
				CLANG_ENABLE_OBJC_ARC = YES;
				CLANG_ENABLE_OBJC_WEAK = YES;
				CLANG_WARN_BLOCK_CAPTURE_AUTORELEASING = YES;
				CLANG_WARN_BOOL_CONVERSION = YES;
				CLANG_WARN_COMMA = YES;
				CLANG_WARN_CONSTANT_CONVERSION = YES;
				CLANG_WARN_DEPRECATED_OBJC_IMPLEMENTATIONS = YES;
				CLANG_WARN_DIRECT_OBJC_ISA_USAGE = YES_ERROR;
				CLANG_WARN_DOCUMENTATION_COMMENTS = YES;
				CLANG_WARN_EMPTY_BODY = YES;
				CLANG_WARN_ENUM_CONVERSION = YES;
				CLANG_WARN_INFINITE_RECURSION = YES;
				CLANG_WARN_INT_CONVERSION = YES;
				CLANG_WARN_NON_LITERAL_NULL_CONVERSION = YES;
				CLANG_WARN_OBJC_IMPLICIT_RETAIN_SELF = YES;
				CLANG_WARN_OBJC_LITERAL_CONVERSION = YES;
				CLANG_WARN_OBJC_ROOT_CLASS = YES_ERROR;
				CLANG_WARN_RANGE_LOOP_ANALYSIS = YES;
				CLANG_WARN_STRICT_PROTOTYPES = YES;
				CLANG_WARN_SUSPICIOUS_MOVE = YES;
				CLANG_WARN_UNGUARDED_AVAILABILITY = YES_AGGRESSIVE;
				CLANG_WARN_UNREACHABLE_CODE = YES;
				CLANG_WARN__DUPLICATE_METHOD_MATCH = YES;
				COPY_PHASE_STRIP = NO;
				DEBUG_INFORMATION_FORMAT = "dwarf-with-dsym";
				ENABLE_NS_ASSERTIONS = NO;
				ENABLE_STRICT_OBJC_MSGSEND = YES;
				GCC_C_LANGUAGE_STANDARD = gnu11;
				GCC_NO_COMMON_BLOCKS = YES;
				GCC_WARN_64_TO_32_BIT_CONVERSION = YES;
				GCC_WARN_ABOUT_RETURN_TYPE = YES_ERROR;
				GCC_WARN_UNDECLARED_SELECTOR = YES;
				GCC_WARN_UNINITIALIZED_AUTOS = YES_AGGRESSIVE;
				GCC_WARN_UNUSED_FUNCTION = YES;
				GCC_WARN_UNUSED_VARIABLE = YES;
				IPHONEOS_DEPLOYMENT_TARGET = 13.5;
				MTL_ENABLE_DEBUG_INFO = NO;
				MTL_FAST_MATH = YES;
				SDKROOT = iphoneos;
				SWIFT_COMPILATION_MODE = wholemodule;
				SWIFT_OPTIMIZATION_LEVEL = "-O";
				VALIDATE_PRODUCT = YES;
			};
			name = Release;
		};
		81CCCB12266AF4B40069CF97 /* Debug */ = {
			isa = XCBuildConfiguration;
			buildSettings = {
				ASSETCATALOG_COMPILER_APPICON_NAME = AppIcon;
				CODE_SIGN_STYLE = Automatic;
				INFOPLIST_FILE = WineFinderActual/Info.plist;
				LD_RUNPATH_SEARCH_PATHS = (
					"$(inherited)",
					"@executable_path/Frameworks",
				);
				PRODUCT_BUNDLE_IDENTIFIER = LucaDeJesu.WineFinderActual;
				PRODUCT_NAME = "$(TARGET_NAME)";
				SWIFT_VERSION = 5.0;
				TARGETED_DEVICE_FAMILY = "1,2";
			};
			name = Debug;
		};
		81CCCB13266AF4B40069CF97 /* Release */ = {
			isa = XCBuildConfiguration;
			buildSettings = {
				ASSETCATALOG_COMPILER_APPICON_NAME = AppIcon;
				CODE_SIGN_STYLE = Automatic;
				INFOPLIST_FILE = WineFinderActual/Info.plist;
				LD_RUNPATH_SEARCH_PATHS = (
					"$(inherited)",
					"@executable_path/Frameworks",
				);
				PRODUCT_BUNDLE_IDENTIFIER = LucaDeJesu.WineFinderActual;
				PRODUCT_NAME = "$(TARGET_NAME)";
				SWIFT_VERSION = 5.0;
				TARGETED_DEVICE_FAMILY = "1,2";
			};
			name = Release;
		};
		81CCCB15266AF4B40069CF97 /* Debug */ = {
			isa = XCBuildConfiguration;
			buildSettings = {
				ALWAYS_EMBED_SWIFT_STANDARD_LIBRARIES = YES;
				BUNDLE_LOADER = "$(TEST_HOST)";
				CODE_SIGN_STYLE = Automatic;
				INFOPLIST_FILE = WineFinderActualTests/Info.plist;
				IPHONEOS_DEPLOYMENT_TARGET = 13.5;
				LD_RUNPATH_SEARCH_PATHS = (
					"$(inherited)",
					"@executable_path/Frameworks",
					"@loader_path/Frameworks",
				);
				PRODUCT_BUNDLE_IDENTIFIER = LucaDeJesu.WineFinderActualTests;
				PRODUCT_NAME = "$(TARGET_NAME)";
				SWIFT_VERSION = 5.0;
				TARGETED_DEVICE_FAMILY = "1,2";
				TEST_HOST = "$(BUILT_PRODUCTS_DIR)/WineFinderActual.app/WineFinderActual";
			};
			name = Debug;
		};
		81CCCB16266AF4B40069CF97 /* Release */ = {
			isa = XCBuildConfiguration;
			buildSettings = {
				ALWAYS_EMBED_SWIFT_STANDARD_LIBRARIES = YES;
				BUNDLE_LOADER = "$(TEST_HOST)";
				CODE_SIGN_STYLE = Automatic;
				INFOPLIST_FILE = WineFinderActualTests/Info.plist;
				IPHONEOS_DEPLOYMENT_TARGET = 13.5;
				LD_RUNPATH_SEARCH_PATHS = (
					"$(inherited)",
					"@executable_path/Frameworks",
					"@loader_path/Frameworks",
				);
				PRODUCT_BUNDLE_IDENTIFIER = LucaDeJesu.WineFinderActualTests;
				PRODUCT_NAME = "$(TARGET_NAME)";
				SWIFT_VERSION = 5.0;
				TARGETED_DEVICE_FAMILY = "1,2";
				TEST_HOST = "$(BUILT_PRODUCTS_DIR)/WineFinderActual.app/WineFinderActual";
			};
			name = Release;
		};
		81CCCB18266AF4B40069CF97 /* Debug */ = {
			isa = XCBuildConfiguration;
			buildSettings = {
				ALWAYS_EMBED_SWIFT_STANDARD_LIBRARIES = YES;
				CODE_SIGN_STYLE = Automatic;
				INFOPLIST_FILE = WineFinderActualUITests/Info.plist;
				LD_RUNPATH_SEARCH_PATHS = (
					"$(inherited)",
					"@executable_path/Frameworks",
					"@loader_path/Frameworks",
				);
				PRODUCT_BUNDLE_IDENTIFIER = LucaDeJesu.WineFinderActualUITests;
				PRODUCT_NAME = "$(TARGET_NAME)";
				SWIFT_VERSION = 5.0;
				TARGETED_DEVICE_FAMILY = "1,2";
				TEST_TARGET_NAME = WineFinderActual;
			};
			name = Debug;
		};
		81CCCB19266AF4B40069CF97 /* Release */ = {
			isa = XCBuildConfiguration;
			buildSettings = {
				ALWAYS_EMBED_SWIFT_STANDARD_LIBRARIES = YES;
				CODE_SIGN_STYLE = Automatic;
				INFOPLIST_FILE = WineFinderActualUITests/Info.plist;
				LD_RUNPATH_SEARCH_PATHS = (
					"$(inherited)",
					"@executable_path/Frameworks",
					"@loader_path/Frameworks",
				);
				PRODUCT_BUNDLE_IDENTIFIER = LucaDeJesu.WineFinderActualUITests;
				PRODUCT_NAME = "$(TARGET_NAME)";
				SWIFT_VERSION = 5.0;
				TARGETED_DEVICE_FAMILY = "1,2";
				TEST_TARGET_NAME = WineFinderActual;
			};
			name = Release;
		};
/* End XCBuildConfiguration section */

/* Begin XCConfigurationList section */
		81CCCAE2266AF4AF0069CF97 /* Build configuration list for PBXProject "WineFinderActual" */ = {
			isa = XCConfigurationList;
			buildConfigurations = (
				81CCCB0F266AF4B40069CF97 /* Debug */,
				81CCCB10266AF4B40069CF97 /* Release */,
			);
			defaultConfigurationIsVisible = 0;
			defaultConfigurationName = Release;
		};
		81CCCB11266AF4B40069CF97 /* Build configuration list for PBXNativeTarget "WineFinderActual" */ = {
			isa = XCConfigurationList;
			buildConfigurations = (
				81CCCB12266AF4B40069CF97 /* Debug */,
				81CCCB13266AF4B40069CF97 /* Release */,
			);
			defaultConfigurationIsVisible = 0;
			defaultConfigurationName = Release;
		};
		81CCCB14266AF4B40069CF97 /* Build configuration list for PBXNativeTarget "WineFinderActualTests" */ = {
			isa = XCConfigurationList;
			buildConfigurations = (
				81CCCB15266AF4B40069CF97 /* Debug */,
				81CCCB16266AF4B40069CF97 /* Release */,
			);
			defaultConfigurationIsVisible = 0;
			defaultConfigurationName = Release;
		};
		81CCCB17266AF4B40069CF97 /* Build configuration list for PBXNativeTarget "WineFinderActualUITests" */ = {
			isa = XCConfigurationList;
			buildConfigurations = (
				81CCCB18266AF4B40069CF97 /* Debug */,
				81CCCB19266AF4B40069CF97 /* Release */,
			);
			defaultConfigurationIsVisible = 0;
			defaultConfigurationName = Release;
		};
/* End XCConfigurationList section */
	};
	rootObject = 81CCCADF266AF4AF0069CF97 /* Project object */;
}
